# This file is automatically @generated by Cargo.
# It is not intended for manual editing.
[[package]]
name = "my_function"
version = "0.1.0"
source = "registry+https://github.com/rust-lang/crates.io-index"

[[package]]
name = "project"
version = "0.1.0"
dependencies = [
 "my_function 0.1.0 (registry+https://github.com/rust-lang/crates.io-index)",
]

[metadata]
"checksum my_function 0.1.0 (registry+https://github.com/rust-lang/crates.io-index)" = "cf212285d3c9d2b7c497a799ff9b86a968f2a5a57a661dd5eb8a3b08637c45a2"
